
Microsoft Visual Studio Solution File, Format Version 12.00
# Visual Studio Version 17
VisualStudioVersion = 17.7.34031.279
MinimumVisualStudioVersion = 10.0.40219.1
Project("{FAE04EC0-301F-11D3-BF4B-00C04F79EFBC}") = "9section1.13", "9section1.13\9section1.13.csproj", "{7F39930C-A000-4173-AAC3-7ECF2EE9C1AD}"
EndProject
Global
	GlobalSection(SolutionConfigurationPlatforms) = preSolution
		Debug|Any CPU = Debug|Any CPU
		Release|Any CPU = Release|Any CPU
	EndGlobalSection
	GlobalSection(ProjectConfigurationPlatforms) = postSolution
		{7F39930C-A000-4173-AAC3-7ECF2EE9C1AD}.Debug|Any CPU.ActiveCfg = Debug|Any CPU
		{7F39930C-A000-4173-AAC3-7ECF2EE9C1AD}.Debug|Any CPU.Build.0 = Debug|Any CPU
		{7F39930C-A000-4173-AAC3-7ECF2EE9C1AD}.Release|Any CPU.ActiveCfg = Release|Any CPU
		{7F39930C-A000-4173-AAC3-7ECF2EE9C1AD}.Release|Any CPU.Build.0 = Release|Any CPU
	EndGlobalSection
	GlobalSection(SolutionProperties) = preSolution
		HideSolutionNode = FALSE
	EndGlobalSection
	GlobalSection(ExtensibilityGlobals) = postSolution
		SolutionGuid = {C0539A53-F69C-4D3D-902D-3ABB1D528E6D}
	EndGlobalSection
EndGlobal
